// !$*UTF8*$!
{
	archiveVersion = 1;
	classes = {
	};
	objectVersion = 48;
	objects = {

/* Begin PBXBuildFile section */
		DC237D9C2043308E00F9504F /* AppDelegate.swift in Sources */ = {isa = PBXBuildFile; fileRef = DC237D9B2043308E00F9504F /* AppDelegate.swift */; };
		DC237D9E2043308E00F9504F /* ColorPresenterVC.swift in Sources */ = {isa = PBXBuildFile; fileRef = DC237D9D2043308E00F9504F /* ColorPresenterVC.swift */; };
		DC237DA12043308E00F9504F /* Main.storyboard in Resources */ = {isa = PBXBuildFile; fileRef = DC237D9F2043308E00F9504F /* Main.storyboard */; };
		DC237DA32043308E00F9504F /* Assets.xcassets in Resources */ = {isa = PBXBuildFile; fileRef = DC237DA22043308E00F9504F /* Assets.xcassets */; };
		DC237DA62043308E00F9504F /* LaunchScreen.storyboard in Resources */ = {isa = PBXBuildFile; fileRef = DC237DA42043308E00F9504F /* LaunchScreen.storyboard */; };
		DC237DB12043308E00F9504F /* ColorMagicTests.swift in Sources */ = {isa = PBXBuildFile; fileRef = DC237DB02043308E00F9504F /* ColorMagicTests.swift */; };
		DC237DBC2043308E00F9504F /* ColorMagicUITests.swift in Sources */ = {isa = PBXBuildFile; fileRef = DC237DBB2043308E00F9504F /* ColorMagicUITests.swift */; };
		DC237DCE204337DF00F9504F /* ColorPickerVC.swift in Sources */ = {isa = PBXBuildFile; fileRef = DC237DCD204337DF00F9504F /* ColorPickerVC.swift */; };
		DC237DD020433FFA00F9504F /* ColorTransferDelegate.swift in Sources */ = {isa = PBXBuildFile; fileRef = DC237DCF20433FFA00F9504F /* ColorTransferDelegate.swift */; };
/* End PBXBuildFile section */

/* Begin PBXContainerItemProxy section */
		DC237DAD2043308E00F9504F /* PBXContainerItemProxy */ = {
			isa = PBXContainerItemProxy;
			containerPortal = DC237D902043308E00F9504F /* Project object */;
			proxyType = 1;
			remoteGlobalIDString = DC237D972043308E00F9504F;
			remoteInfo = ColorMagic;
		};
		DC237DB82043308E00F9504F /* PBXContainerItemProxy */ = {
			isa = PBXContainerItemProxy;
			containerPortal = DC237D902043308E00F9504F /* Project object */;
			proxyType = 1;
			remoteGlobalIDString = DC237D972043308E00F9504F;
			remoteInfo = ColorMagic;
		};
/* End PBXContainerItemProxy section */

/* Begin PBXFileReference section */
		DC237D982043308E00F9504F /* ColorMagic.app */ = {isa = PBXFileReference; explicitFileType = wrapper.application; includeInIndex = 0; path = ColorMagic.app; sourceTree = BUILT_PRODUCTS_DIR; };
		DC237D9B2043308E00F9504F /* AppDelegate.swift */ = {isa = PBXFileReference; lastKnownFileType = sourcecode.swift; path = AppDelegate.swift; sourceTree = "<group>"; };
		DC237D9D2043308E00F9504F /* ColorPresenterVC.swift */ = {isa = PBXFileReference; lastKnownFileType = sourcecode.swift; path = ColorPresenterVC.swift; sourceTree = "<group>"; };
		DC237DA02043308E00F9504F /* Base */ = {isa = PBXFileReference; lastKnownFileType = file.storyboard; name = Base; path = Base.lproj/Main.storyboard; sourceTree = "<group>"; };
		DC237DA22043308E00F9504F /* Assets.xcassets */ = {isa = PBXFileReference; lastKnownFileType = folder.assetcatalog; path = Assets.xcassets; sourceTree = "<group>"; };
		DC237DA52043308E00F9504F /* Base */ = {isa = PBXFileReference; lastKnownFileType = file.storyboard; name = Base; path = Base.lproj/LaunchScreen.storyboard; sourceTree = "<group>"; };
		DC237DA72043308E00F9504F /* Info.plist */ = {isa = PBXFileReference; lastKnownFileType = text.plist.xml; path = Info.plist; sourceTree = "<group>"; };
		DC237DAC2043308E00F9504F /* ColorMagicTests.xctest */ = {isa = PBXFileReference; explicitFileType = wrapper.cfbundle; includeInIndex = 0; path = ColorMagicTests.xctest; sourceTree = BUILT_PRODUCTS_DIR; };
		DC237DB02043308E00F9504F /* ColorMagicTests.swift */ = {isa = PBXFileReference; lastKnownFileType = sourcecode.swift; path = ColorMagicTests.swift; sourceTree = "<group>"; };
		DC237DB22043308E00F9504F /* Info.plist */ = {isa = PBXFileReference; lastKnownFileType = text.plist.xml; path = Info.plist; sourceTree = "<group>"; };
		DC237DB72043308E00F9504F /* ColorMagicUITests.xctest */ = {isa = PBXFileReference; explicitFileType = wrapper.cfbundle; includeInIndex = 0; path = ColorMagicUITests.xctest; sourceTree = BUILT_PRODUCTS_DIR; };
		DC237DBB2043308E00F9504F /* ColorMagicUITests.swift */ = {isa = PBXFileReference; lastKnownFileType = sourcecode.swift; path = ColorMagicUITests.swift; sourceTree = "<group>"; };
		DC237DBD2043308E00F9504F /* Info.plist */ = {isa = PBXFileReference; lastKnownFileType = text.plist.xml; path = Info.plist; sourceTree = "<group>"; };
		DC237DCD204337DF00F9504F /* ColorPickerVC.swift */ = {isa = PBXFileReference; lastKnownFileType = sourcecode.swift; path = ColorPickerVC.swift; sourceTree = "<group>"; };
		DC237DCF20433FFA00F9504F /* ColorTransferDelegate.swift */ = {isa = PBXFileReference; lastKnownFileType = sourcecode.swift; path = ColorTransferDelegate.swift; sourceTree = "<group>"; };
/* End PBXFileReference section */

/* Begin PBXFrameworksBuildPhase section */
		DC237D952043308E00F9504F /* Frameworks */ = {
			isa = PBXFrameworksBuildPhase;
			buildActionMask = 2147483647;
			files = (
			);
			runOnlyForDeploymentPostprocessing = 0;
		};
		DC237DA92043308E00F9504F /* Frameworks */ = {
			isa = PBXFrameworksBuildPhase;
			buildActionMask = 2147483647;
			files = (
			);
			runOnlyForDeploymentPostprocessing = 0;
		};
		DC237DB42043308E00F9504F /* Frameworks */ = {
			isa = PBXFrameworksBuildPhase;
			buildActionMask = 2147483647;
			files = (
			);
			runOnlyForDeploymentPostprocessing = 0;
		};
/* End PBXFrameworksBuildPhase section */

/* Begin PBXGroup section */
		DC237D8F2043308E00F9504F = {
			isa = PBXGroup;
			children = (
				DC237D9A2043308E00F9504F /* ColorMagic */,
				DC237DAF2043308E00F9504F /* ColorMagicTests */,
				DC237DBA2043308E00F9504F /* ColorMagicUITests */,
				DC237D992043308E00F9504F /* Products */,
			);
			sourceTree = "<group>";
		};
		DC237D992043308E00F9504F /* Products */ = {
			isa = PBXGroup;
			children = (
				DC237D982043308E00F9504F /* ColorMagic.app */,
				DC237DAC2043308E00F9504F /* ColorMagicTests.xctest */,
				DC237DB72043308E00F9504F /* ColorMagicUITests.xctest */,
			);
			name = Products;
			sourceTree = "<group>";
		};
		DC237D9A2043308E00F9504F /* ColorMagic */ = {
			isa = PBXGroup;
			children = (
				DC237D9B2043308E00F9504F /* AppDelegate.swift */,
				DC237D9D2043308E00F9504F /* ColorPresenterVC.swift */,
				DC237D9F2043308E00F9504F /* Main.storyboard */,
				DC237DA22043308E00F9504F /* Assets.xcassets */,
				DC237DA42043308E00F9504F /* LaunchScreen.storyboard */,
				DC237DA72043308E00F9504F /* Info.plist */,
				DC237DCD204337DF00F9504F /* ColorPickerVC.swift */,
				DC237DCF20433FFA00F9504F /* ColorTransferDelegate.swift */,
			);
			path = ColorMagic;
			sourceTree = "<group>";
		};
		DC237DAF2043308E00F9504F /* ColorMagicTests */ = {
			isa = PBXGroup;
			children = (
				DC237DB02043308E00F9504F /* ColorMagicTests.swift */,
				DC237DB22043308E00F9504F /* Info.plist */,
			);
			path = ColorMagicTests;
			sourceTree = "<group>";
		};
		DC237DBA2043308E00F9504F /* ColorMagicUITests */ = {
			isa = PBXGroup;
			children = (
				DC237DBB2043308E00F9504F /* ColorMagicUITests.swift */,
				DC237DBD2043308E00F9504F /* Info.plist */,
			);
			path = ColorMagicUITests;
			sourceTree = "<group>";
		};
/* End PBXGroup section */

/* Begin PBXNativeTarget section */
		DC237D972043308E00F9504F /* ColorMagic */ = {
			isa = PBXNativeTarget;
			buildConfigurationList = DC237DC02043308E00F9504F /* Build configuration list for PBXNativeTarget "ColorMagic" */;
			buildPhases = (
				DC237D942043308E00F9504F /* Sources */,
				DC237D952043308E00F9504F /* Frameworks */,
				DC237D962043308E00F9504F /* Resources */,
			);
			buildRules = (
			);
			dependencies = (
			);
			name = ColorMagic;
			productName = ColorMagic;
			productReference = DC237D982043308E00F9504F /* ColorMagic.app */;
			productType = "com.apple.product-type.application";
		};
		DC237DAB2043308E00F9504F /* ColorMagicTests */ = {
			isa = PBXNativeTarget;
			buildConfigurationList = DC237DC32043308E00F9504F /* Build configuration list for PBXNativeTarget "ColorMagicTests" */;
			buildPhases = (
				DC237DA82043308E00F9504F /* Sources */,
				DC237DA92043308E00F9504F /* Frameworks */,
				DC237DAA2043308E00F9504F /* Resources */,
			);
			buildRules = (
			);
			dependencies = (
				DC237DAE2043308E00F9504F /* PBXTargetDependency */,
			);
			name = ColorMagicTests;
			productName = ColorMagicTests;
			productReference = DC237DAC2043308E00F9504F /* ColorMagicTests.xctest */;
			productType = "com.apple.product-type.bundle.unit-test";
		};
		DC237DB62043308E00F9504F /* ColorMagicUITests */ = {
			isa = PBXNativeTarget;
			buildConfigurationList = DC237DC62043308E00F9504F /* Build configuration list for PBXNativeTarget "ColorMagicUITests" */;
			buildPhases = (
				DC237DB32043308E00F9504F /* Sources */,
				DC237DB42043308E00F9504F /* Frameworks */,
				DC237DB52043308E00F9504F /* Resources */,
			);
			buildRules = (
			);
			dependencies = (
				DC237DB92043308E00F9504F /* PBXTargetDependency */,
			);
			name = ColorMagicUITests;
			productName = ColorMagicUITests;
			productReference = DC237DB72043308E00F9504F /* ColorMagicUITests.xctest */;
			productType = "com.apple.product-type.bundle.ui-testing";
		};
/* End PBXNativeTarget section */

/* Begin PBXProject section */
		DC237D902043308E00F9504F /* Project object */ = {
			isa = PBXProject;
			attributes = {
				LastSwiftUpdateCheck = 0920;
				LastUpgradeCheck = 0920;
				ORGANIZATIONNAME = "Ashraf Mohammed";
				TargetAttributes = {
					DC237D972043308E00F9504F = {
						CreatedOnToolsVersion = 9.2;
						ProvisioningStyle = Automatic;
					};
					DC237DAB2043308E00F9504F = {
						CreatedOnToolsVersion = 9.2;
						ProvisioningStyle = Automatic;
						TestTargetID = DC237D972043308E00F9504F;
					};
					DC237DB62043308E00F9504F = {
						CreatedOnToolsVersion = 9.2;
						ProvisioningStyle = Automatic;
						TestTargetID = DC237D972043308E00F9504F;
					};
				};
			};
			buildConfigurationList = DC237D932043308E00F9504F /* Build configuration list for PBXProject "ColorMagic" */;
			compatibilityVersion = "Xcode 8.0";
			developmentRegion = en;
			hasScannedForEncodings = 0;
			knownRegions = (
				en,
				Base,
			);
			mainGroup = DC237D8F2043308E00F9504F;
			productRefGroup = DC237D992043308E00F9504F /* Products */;
			projectDirPath = "";
			projectRoot = "";
			targets = (
				DC237D972043308E00F9504F /* ColorMagic */,
				DC237DAB2043308E00F9504F /* ColorMagicTests */,
				DC237DB62043308E00F9504F /* ColorMagicUITests */,
			);
		};
/* End PBXProject section */

/* Begin PBXResourcesBuildPhase section */
		DC237D962043308E00F9504F /* Resources */ = {
			isa = PBXResourcesBuildPhase;
			buildActionMask = 2147483647;
			files = (
				DC237DA62043308E00F9504F /* LaunchScreen.storyboard in Resources */,
				DC237DA32043308E00F9504F /* Assets.xcassets in Resources */,
				DC237DA12043308E00F9504F /* Main.storyboard in Resources */,
			);
			runOnlyForDeploymentPostprocessing = 0;
		};
		DC237DAA2043308E00F9504F /* Resources */ = {
			isa = PBXResourcesBuildPhase;
			buildActionMask = 2147483647;
			files = (
			);
			runOnlyForDeploymentPostprocessing = 0;
		};
		DC237DB52043308E00F9504F /* Resources */ = {
			isa = PBXResourcesBuildPhase;
			buildActionMask = 2147483647;
			files = (
			);
			runOnlyForDeploymentPostprocessing = 0;
		};
/* End PBXResourcesBuildPhase section */

/* Begin PBXSourcesBuildPhase section */
		DC237D942043308E00F9504F /* Sources */ = {
			isa = PBXSourcesBuildPhase;
			buildActionMask = 2147483647;
			files = (
				DC237D9E2043308E00F9504F /* ColorPresenterVC.swift in Sources */,
				DC237DD020433FFA00F9504F /* ColorTransferDelegate.swift in Sources */,
				DC237D9C2043308E00F9504F /* AppDelegate.swift in Sources */,
				DC237DCE204337DF00F9504F /* ColorPickerVC.swift in Sources */,
			);
			runOnlyForDeploymentPostprocessing = 0;
		};
		DC237DA82043308E00F9504F /* Sources */ = {
			isa = PBXSourcesBuildPhase;
			buildActionMask = 2147483647;
			files = (
				DC237DB12043308E00F9504F /* ColorMagicTests.swift in Sources */,
			);
			runOnlyForDeploymentPostprocessing = 0;
		};
		DC237DB32043308E00F9504F /* Sources */ = {
			isa = PBXSourcesBuildPhase;
			buildActionMask = 2147483647;
			files = (
				DC237DBC2043308E00F9504F /* ColorMagicUITests.swift in Sources */,
			);
			runOnlyForDeploymentPostprocessing = 0;
		};
/* End PBXSourcesBuildPhase section */

/* Begin PBXTargetDependency section */
		DC237DAE2043308E00F9504F /* PBXTargetDependency */ = {
			isa = PBXTargetDependency;
			target = DC237D972043308E00F9504F /* ColorMagic */;
			targetProxy = DC237DAD2043308E00F9504F /* PBXContainerItemProxy */;
		};
		DC237DB92043308E00F9504F /* PBXTargetDependency */ = {
			isa = PBXTargetDependency;
			target = DC237D972043308E00F9504F /* ColorMagic */;
			targetProxy = DC237DB82043308E00F9504F /* PBXContainerItemProxy */;
		};
/* End PBXTargetDependency section */

/* Begin PBXVariantGroup section */
		DC237D9F2043308E00F9504F /* Main.storyboard */ = {
			isa = PBXVariantGroup;
			children = (
				DC237DA02043308E00F9504F /* Base */,
			);
			name = Main.storyboard;
			sourceTree = "<group>";
		};
		DC237DA42043308E00F9504F /* LaunchScreen.storyboard */ = {
			isa = PBXVariantGroup;
			children = (
				DC237DA52043308E00F9504F /* Base */,
			);
			name = LaunchScreen.storyboard;
			sourceTree = "<group>";
		};
/* End PBXVariantGroup section */

/* Begin XCBuildConfiguration section */
		DC237DBE2043308E00F9504F /* Debug */ = {
			isa = XCBuildConfiguration;
			buildSettings = {
				ALWAYS_SEARCH_USER_PATHS = NO;
				CLANG_ANALYZER_NONNULL = YES;
				CLANG_ANALYZER_NUMBER_OBJECT_CONVERSION = YES_AGGRESSIVE;
				CLANG_CXX_LANGUAGE_STANDARD = "gnu++14";
				CLANG_CXX_LIBRARY = "libc++";
				CLANG_ENABLE_MODULES = YES;
				CLANG_ENABLE_OBJC_ARC = YES;
				CLANG_WARN_BLOCK_CAPTURE_AUTORELEASING = YES;
				CLANG_WARN_BOOL_CONVERSION = YES;
				CLANG_WARN_COMMA = YES;
				CLANG_WARN_CONSTANT_CONVERSION = YES;
				CLANG_WARN_DIRECT_OBJC_ISA_USAGE = YES_ERROR;
				CLANG_WARN_DOCUMENTATION_COMMENTS = YES;
				CLANG_WARN_EMPTY_BODY = YES;
				CLANG_WARN_ENUM_CONVERSION = YES;
				CLANG_WARN_INFINITE_RECURSION = YES;
				CLANG_WARN_INT_CONVERSION = YES;
				CLANG_WARN_NON_LITERAL_NULL_CONVERSION = YES;
				CLANG_WARN_OBJC_LITERAL_CONVERSION = YES;
				CLANG_WARN_OBJC_ROOT_CLASS = YES_ERROR;
				CLANG_WARN_RANGE_LOOP_ANALYSIS = YES;
				CLANG_WARN_STRICT_PROTOTYPES = YES;
				CLANG_WARN_SUSPICIOUS_MOVE = YES;
				CLANG_WARN_UNGUARDED_AVAILABILITY = YES_AGGRESSIVE;
				CLANG_WARN_UNREACHABLE_CODE = YES;
				CLANG_WARN__DUPLICATE_METHOD_MATCH = YES;
				CODE_SIGN_IDENTITY = "iPhone Developer";
				COPY_PHASE_STRIP = NO;
				DEBUG_INFORMATION_FORMAT = dwarf;
				ENABLE_STRICT_OBJC_MSGSEND = YES;
				ENABLE_TESTABILITY = YES;
				GCC_C_LANGUAGE_STANDARD = gnu11;
				GCC_DYNAMIC_NO_PIC = NO;
				GCC_NO_COMMON_BLOCKS = YES;
				GCC_OPTIMIZATION_LEVEL = 0;
				GCC_PREPROCESSOR_DEFINITIONS = (
					"DEBUG=1",
					"$(inherited)",
				);
				GCC_WARN_64_TO_32_BIT_CONVERSION = YES;
				GCC_WARN_ABOUT_RETURN_TYPE = YES_ERROR;
				GCC_WARN_UNDECLARED_SELECTOR = YES;
				GCC_WARN_UNINITIALIZED_AUTOS = YES_AGGRESSIVE;
				GCC_WARN_UNUSED_FUNCTION = YES;
				GCC_WARN_UNUSED_VARIABLE = YES;
				IPHONEOS_DEPLOYMENT_TARGET = 11.2;
				MTL_ENABLE_DEBUG_INFO = YES;
				ONLY_ACTIVE_ARCH = YES;
				SDKROOT = iphoneos;
				SWIFT_ACTIVE_COMPILATION_CONDITIONS = DEBUG;
				SWIFT_OPTIMIZATION_LEVEL = "-Onone";
			};
			name = Debug;
		};
		DC237DBF2043308E00F9504F /* Release */ = {
			isa = XCBuildConfiguration;
			buildSettings = {
				ALWAYS_SEARCH_USER_PATHS = NO;
				CLANG_ANALYZER_NONNULL = YES;
				CLANG_ANALYZER_NUMBER_OBJECT_CONVERSION = YES_AGGRESSIVE;
				CLANG_CXX_LANGUAGE_STANDARD = "gnu++14";
				CLANG_CXX_LIBRARY = "libc++";
				CLANG_ENABLE_MODULES = YES;
				CLANG_ENABLE_OBJC_ARC = YES;
				CLANG_WARN_BLOCK_CAPTURE_AUTORELEASING = YES;
				CLANG_WARN_BOOL_CONVERSION = YES;
				CLANG_WARN_COMMA = YES;
				CLANG_WARN_CONSTANT_CONVERSION = YES;
				CLANG_WARN_DIRECT_OBJC_ISA_USAGE = YES_ERROR;
				CLANG_WARN_DOCUMENTATION_COMMENTS = YES;
				CLANG_WARN_EMPTY_BODY = YES;
				CLANG_WARN_ENUM_CONVERSION = YES;
				CLANG_WARN_INFINITE_RECURSION = YES;
				CLANG_WARN_INT_CONVERSION = YES;
				CLANG_WARN_NON_LITERAL_NULL_CONVERSION = YES;
				CLANG_WARN_OBJC_LITERAL_CONVERSION = YES;
				CLANG_WARN_OBJC_ROOT_CLASS = YES_ERROR;
				CLANG_WARN_RANGE_LOOP_ANALYSIS = YES;
				CLANG_WARN_STRICT_PROTOTYPES = YES;
				CLANG_WARN_SUSPICIOUS_MOVE = YES;
				CLANG_WARN_UNGUARDED_AVAILABILITY = YES_AGGRESSIVE;
				CLANG_WARN_UNREACHABLE_CODE = YES;
				CLANG_WARN__DUPLICATE_METHOD_MATCH = YES;
				CODE_SIGN_IDENTITY = "iPhone Developer";
				COPY_PHASE_STRIP = NO;
				DEBUG_INFORMATION_FORMAT = "dwarf-with-dsym";
				ENABLE_NS_ASSERTIONS = NO;
				ENABLE_STRICT_OBJC_MSGSEND = YES;
				GCC_C_LANGUAGE_STANDARD = gnu11;
				GCC_NO_COMMON_BLOCKS = YES;
				GCC_WARN_64_TO_32_BIT_CONVERSION = YES;
				GCC_WARN_ABOUT_RETURN_TYPE = YES_ERROR;
				GCC_WARN_UNDECLARED_SELECTOR = YES;
				GCC_WARN_UNINITIALIZED_AUTOS = YES_AGGRESSIVE;
				GCC_WARN_UNUSED_FUNCTION = YES;
				GCC_WARN_UNUSED_VARIABLE = YES;
				IPHONEOS_DEPLOYMENT_TARGET = 11.2;
				MTL_ENABLE_DEBUG_INFO = NO;
				SDKROOT = iphoneos;
				SWIFT_OPTIMIZATION_LEVEL = "-Owholemodule";
				VALIDATE_PRODUCT = YES;
			};
			name = Release;
		};
		DC237DC12043308E00F9504F /* Debug */ = {
			isa = XCBuildConfiguration;
			buildSettings = {
				ASSETCATALOG_COMPILER_APPICON_NAME = AppIcon;
				CODE_SIGN_STYLE = Automatic;
				INFOPLIST_FILE = ColorMagic/Info.plist;
				LD_RUNPATH_SEARCH_PATHS = "$(inherited) @executable_path/Frameworks";
				PRODUCT_BUNDLE_IDENTIFIER = com.ashraf.ColorMagic;
				PRODUCT_NAME = "$(TARGET_NAME)";
				SWIFT_VERSION = 4.0;
				TARGETED_DEVICE_FAMILY = "1,2";
			};
			name = Debug;
		};
		DC237DC22043308E00F9504F /* Release */ = {
			isa = XCBuildConfiguration;
			buildSettings = {
				ASSETCATALOG_COMPILER_APPICON_NAME = AppIcon;
				CODE_SIGN_STYLE = Automatic;
				INFOPLIST_FILE = ColorMagic/Info.plist;
				LD_RUNPATH_SEARCH_PATHS = "$(inherited) @executable_path/Frameworks";
				PRODUCT_BUNDLE_IDENTIFIER = com.ashraf.ColorMagic;
				PRODUCT_NAME = "$(TARGET_NAME)";
				SWIFT_VERSION = 4.0;
				TARGETED_DEVICE_FAMILY = "1,2";
			};
			name = Release;
		};
		DC237DC42043308E00F9504F /* Debug */ = {
			isa = XCBuildConfiguration;
			buildSettings = {
				ALWAYS_EMBED_SWIFT_STANDARD_LIBRARIES = YES;
				BUNDLE_LOADER = "$(TEST_HOST)";
				CODE_SIGN_STYLE = Automatic;
				INFOPLIST_FILE = ColorMagicTests/Info.plist;
				LD_RUNPATH_SEARCH_PATHS = "$(inherited) @executable_path/Frameworks @loader_path/Frameworks";
				PRODUCT_BUNDLE_IDENTIFIER = com.ashraf.ColorMagicTests;
				PRODUCT_NAME = "$(TARGET_NAME)";
				SWIFT_VERSION = 4.0;
				TARGETED_DEVICE_FAMILY = "1,2";
				TEST_HOST = "$(BUILT_PRODUCTS_DIR)/ColorMagic.app/ColorMagic";
			};
			name = Debug;
		};
		DC237DC52043308E00F9504F /* Release */ = {
			isa = XCBuildConfiguration;
			buildSettings = {
				ALWAYS_EMBED_SWIFT_STANDARD_LIBRARIES = YES;
				BUNDLE_LOADER = "$(TEST_HOST)";
				CODE_SIGN_STYLE = Automatic;
				INFOPLIST_FILE = ColorMagicTests/Info.plist;
				LD_RUNPATH_SEARCH_PATHS = "$(inherited) @executable_path/Frameworks @loader_path/Frameworks";
				PRODUCT_BUNDLE_IDENTIFIER = com.ashraf.ColorMagicTests;
				PRODUCT_NAME = "$(TARGET_NAME)";
				SWIFT_VERSION = 4.0;
				TARGETED_DEVICE_FAMILY = "1,2";
				TEST_HOST = "$(BUILT_PRODUCTS_DIR)/ColorMagic.app/ColorMagic";
			};
			name = Release;
		};
		DC237DC72043308E00F9504F /* Debug */ = {
			isa = XCBuildConfiguration;
			buildSettings = {
				ALWAYS_EMBED_SWIFT_STANDARD_LIBRARIES = YES;
				CODE_SIGN_STYLE = Automatic;
				INFOPLIST_FILE = ColorMagicUITests/Info.plist;
				LD_RUNPATH_SEARCH_PATHS = "$(inherited) @executable_path/Frameworks @loader_path/Frameworks";
				PRODUCT_BUNDLE_IDENTIFIER = com.ashraf.ColorMagicUITests;
				PRODUCT_NAME = "$(TARGET_NAME)";
				SWIFT_VERSION = 4.0;
				TARGETED_DEVICE_FAMILY = "1,2";
				TEST_TARGET_NAME = ColorMagic;
			};
			name = Debug;
		};
		DC237DC82043308E00F9504F /* Release */ = {
			isa = XCBuildConfiguration;
			buildSettings = {
				ALWAYS_EMBED_SWIFT_STANDARD_LIBRARIES = YES;
				CODE_SIGN_STYLE = Automatic;
				INFOPLIST_FILE = ColorMagicUITests/Info.plist;
				LD_RUNPATH_SEARCH_PATHS = "$(inherited) @executable_path/Frameworks @loader_path/Frameworks";
				PRODUCT_BUNDLE_IDENTIFIER = com.ashraf.ColorMagicUITests;
				PRODUCT_NAME = "$(TARGET_NAME)";
				SWIFT_VERSION = 4.0;
				TARGETED_DEVICE_FAMILY = "1,2";
				TEST_TARGET_NAME = ColorMagic;
			};
			name = Release;
		};
/* End XCBuildConfiguration section */

/* Begin XCConfigurationList section */
		DC237D932043308E00F9504F /* Build configuration list for PBXProject "ColorMagic" */ = {
			isa = XCConfigurationList;
			buildConfigurations = (
				DC237DBE2043308E00F9504F /* Debug */,
				DC237DBF2043308E00F9504F /* Release */,
			);
			defaultConfigurationIsVisible = 0;
			defaultConfigurationName = Release;
		};
		DC237DC02043308E00F9504F /* Build configuration list for PBXNativeTarget "ColorMagic" */ = {
			isa = XCConfigurationList;
			buildConfigurations = (
				DC237DC12043308E00F9504F /* Debug */,
				DC237DC22043308E00F9504F /* Release */,
			);
			defaultConfigurationIsVisible = 0;
			defaultConfigurationName = Release;
		};
		DC237DC32043308E00F9504F /* Build configuration list for PBXNativeTarget "ColorMagicTests" */ = {
			isa = XCConfigurationList;
			buildConfigurations = (
				DC237DC42043308E00F9504F /* Debug */,
				DC237DC52043308E00F9504F /* Release */,
			);
			defaultConfigurationIsVisible = 0;
			defaultConfigurationName = Release;
		};
		DC237DC62043308E00F9504F /* Build configuration list for PBXNativeTarget "ColorMagicUITests" */ = {
			isa = XCConfigurationList;
			buildConfigurations = (
				DC237DC72043308E00F9504F /* Debug */,
				DC237DC82043308E00F9504F /* Release */,
			);
			defaultConfigurationIsVisible = 0;
			defaultConfigurationName = Release;
		};
/* End XCConfigurationList section */
	};
	rootObject = DC237D902043308E00F9504F /* Project object */;
}
